version = 1
revision = 3
requires-python = ">=3.13"

[[package]]
name = "cbor2"
version = "5.6.5"
source = { registry = "https://pypi.org/simple" }
sdist = { url = "https://files.pythonhosted.org/packages/e4/aa/ba55b47d51d27911981a18743b4d3cebfabccbb0598c09801b734cec4184/cbor2-5.6.5.tar.gz", hash = "sha256:b682820677ee1dbba45f7da11898d2720f92e06be36acec290867d5ebf3d7e09", size = 100886, upload-time = "2024-10-09T12:26:24.106Z" }
wheels = [
    { url = "https://files.pythonhosted.org/packages/2b/69/77e93caae71d1baee927c9762e702c464715d88073133052c74ecc9d37d4/cbor2-5.6.5-cp313-cp313-macosx_10_13_x86_64.whl", hash = "sha256:f0d0a9c5aabd48ecb17acf56004a7542a0b8d8212be52f3102b8218284bd881e", size = 67647, upload-time = "2024-10-09T12:25:55.637Z" },
    { url = "https://files.pythonhosted.org/packages/84/83/cb941d4fd10e4696b2c0f6fb2e3056d9a296e5765b2000a69e29a507f819/cbor2-5.6.5-cp313-cp313-macosx_11_0_arm64.whl", hash = "sha256:61ceb77e6aa25c11c814d4fe8ec9e3bac0094a1f5bd8a2a8c95694596ea01e08", size = 67657, upload-time = "2024-10-09T12:25:56.528Z" },
    { url = "https://files.pythonhosted.org/packages/5c/3f/e16a1e29994483c751b714cdf61d2956290b0b30e94690fa714a9f155c5c/cbor2-5.6.5-cp313-cp313-manylinux_2_17_aarch64.manylinux2014_aarch64.whl", hash = "sha256:97a7e409b864fecf68b2ace8978eb5df1738799a333ec3ea2b9597bfcdd6d7d2", size = 275863, upload-time = "2024-10-09T12:25:57.462Z" },
    { url = "https://files.pythonhosted.org/packages/64/04/f64bda3eea649fe6644c59f13d0e1f4666d975ce305cadf13835233b2a26/cbor2-5.6.5-cp313-cp313-manylinux_2_17_x86_64.manylinux2014_x86_64.whl", hash = "sha256:7f6d69f38f7d788b04c09ef2b06747536624b452b3c8b371ab78ad43b0296fab", size = 269131, upload-time = "2024-10-09T12:25:59.635Z" },
    { url = "https://files.pythonhosted.org/packages/f4/8d/0d5ad3467f70578b032b3f52eb0f01f0327d5ae6b1f9e7d4d4e01a73aa95/cbor2-5.6.5-cp313-cp313-musllinux_1_2_aarch64.whl", hash = "sha256:f91e6d74fa6917df31f8757fdd0e154203b0dd0609ec53eb957016a2b474896a", size = 264728, upload-time = "2024-10-09T12:26:01.407Z" },
    { url = "https://files.pythonhosted.org/packages/77/cb/9b4f7890325eaa374c21fcccfee61a099ccb9ea0bc0f606acf7495f9568c/cbor2-5.6.5-cp313-cp313-musllinux_1_2_x86_64.whl", hash = "sha256:5ce13a27ef8fddf643fc17a753fe34aa72b251d03c23da6a560c005dc171085b", size = 266314, upload-time = "2024-10-09T12:26:02.451Z" },
    { url = "https://files.pythonhosted.org/packages/a8/cd/793dc041395609f5dd1edfdf0aecde504dc0fd35ed67eb3b2db79fb8ef4d/cbor2-5.6.5-cp313-cp313-win_amd64.whl", hash = "sha256:54c72a3207bb2d4480c2c39dad12d7971ce0853a99e3f9b8d559ce6eac84f66f", size = 66792, upload-time = "2024-10-09T12:26:03.615Z" },
    { url = "https://files.pythonhosted.org/packages/9b/ef/1c4698cac96d792005ef0611832f38eaee477c275ab4b02cbfc4daba7ad3/cbor2-5.6.5-py3-none-any.whl", hash = "sha256:3038523b8fc7de312bb9cdcbbbd599987e64307c4db357cd2030c472a6c7d468", size = 23752, upload-time = "2024-10-09T12:26:23.167Z" },
]

[[package]]
name = "cbrrr"
version = "1.0.1"
source = { registry = "https://pypi.org/simple" }
sdist = { url = "https://files.pythonhosted.org/packages/a3/2e/321b68b2b12c99864f0872feb8ce80f03483b59c113730f7cb4465a49e0e/cbrrr-1.0.1.tar.gz", hash = "sha256:2dc5f78a71b67849e1b364053819053f03cd2032797ce6adbe1d02e8d602698c", size = 17503, upload-time = "2024-11-16T22:59:41.164Z" }

[[package]]
name = "dasl-testing"
version = "0.0.0"
source = { virtual = "." }
dependencies = [
    { name = "cbor2" },
    { name = "cbrrr" },
    { name = "libipld" },
]

[package.metadata]
requires-dist = [
    { name = "cbor2", specifier = "==5.6.5" },
    { name = "cbrrr", specifier = "<2" },
    { name = "libipld", specifier = "<4" },
]

[[package]]
name = "libipld"
version = "3.3.2"
source = { registry = "https://pypi.org/simple" }
sdist = { url = "https://files.pythonhosted.org/packages/83/2b/4e84e033268d2717c692e5034e016b1d82501736cd297586fd1c7378ccd5/libipld-3.3.2.tar.gz", hash = "sha256:7e85ccd9136110e63943d95232b193c893e369c406273d235160e5cc4b39c9ce", size = 4401259, upload-time = "2025-12-05T13:00:20.34Z" }
wheels = [
    { url = "https://files.pythonhosted.org/packages/67/a6/2bf577bde352fdb81ebe2e271e542b85f1aeae630405cae1b9d07a97b5e9/libipld-3.3.2-cp313-cp313-macosx_10_12_x86_64.whl", hash = "sha256:63bc6858d73c324e29d74155bdb339e14330a88bb1a8cc8fdc295048337dca09", size = 269326, upload-time = "2025-12-05T12:58:42.967Z" },
    { url = "https://files.pythonhosted.org/packages/cc/83/850a0bb214c31c128447e29cdbea816225ee2c8fbb397a8c865f895198e4/libipld-3.3.2-cp313-cp313-macosx_11_0_arm64.whl", hash = "sha256:4140f030eb3cfff17d04b9481f13aaed0b2910d1371fe7489394120ed1d09ae5", size = 260709, upload-time = "2025-12-05T12:58:44.232Z" },
    { url = "https://files.pythonhosted.org/packages/73/f8/0c02a2acb246603f5351d0a71055d0c835bc0bc5332c5ca5d29a1d95b04c/libipld-3.3.2-cp313-cp313-manylinux_2_17_aarch64.manylinux2014_aarch64.whl", hash = "sha256:a48bc2f7845825143a36f6a305680823a2816488593024803064d0803e3cee35", size = 280309, upload-time = "2025-12-05T12:58:46.137Z" },
    { url = "https://files.pythonhosted.org/packages/f4/2e/ca50530aed1911d99a730f30ab73e7731da8299a933b909a96fcdbb1baf6/libipld-3.3.2-cp313-cp313-manylinux_2_17_armv7l.manylinux2014_armv7l.whl", hash = "sha256:e7627f371682160cae818f817eb846bc8c267a5daa028748a7c73103d8df00eb", size = 290446, upload-time = "2025-12-05T12:58:47.49Z" },
    { url = "https://files.pythonhosted.org/packages/68/09/dd0f39cf78dbc7f5f2ca1208fc9ff284b56c2b90edf3dbf98c4b36491b6c/libipld-3.3.2-cp313-cp313-manylinux_2_17_ppc64le.manylinux2014_ppc64le.whl", hash = "sha256:1a7de390a3eb897d3194f6c96067c21338fbe6e0fc1145ab6b51af276aa7a08e", size = 316193, upload-time = "2025-12-05T12:58:49.057Z" },
    { url = "https://files.pythonhosted.org/packages/bf/75/ca6fe1673c80f7f4164edf9647dd2cb622455a73890e96648c44c361c918/libipld-3.3.2-cp313-cp313-manylinux_2_17_s390x.manylinux2014_s390x.whl", hash = "sha256:196a8fcd86ae0c8096cea85ff308edf315d77fbb677ef3dd9eff0be9da526499", size = 330556, upload-time = "2025-12-05T12:58:50.471Z" },
    { url = "https://files.pythonhosted.org/packages/bd/41/aff762ccf5a80b66a911c576afcd850f0d64cb43d51cb63c29429dc68230/libipld-3.3.2-cp313-cp313-manylinux_2_17_x86_64.manylinux2014_x86_64.whl", hash = "sha256:b040dab7eb04b0ff730e68840f40eb225c9f14e73ad21238b76c7b8ded3ad99d", size = 283970, upload-time = "2025-12-05T12:58:52.131Z" },
    { url = "https://files.pythonhosted.org/packages/2e/56/3a19a6067bde8827146cd771583e8930cf952709f036328579747647f38f/libipld-3.3.2-cp313-cp313-manylinux_2_5_i686.manylinux1_i686.whl", hash = "sha256:8d7cd1e7e88b0fbc8f4aa267bdea2d10452c9dd0e1aafa82a5e0751427f222b0", size = 309885, upload-time = "2025-12-05T12:58:53.406Z" },
    { url = "https://files.pythonhosted.org/packages/de/9b/0b4ee60ede82cdd301e2266a8172e8ee6f1b40c7dbd797510e632314ddf6/libipld-3.3.2-cp313-cp313-musllinux_1_1_aarch64.whl", hash = "sha256:76731ebebd824fa45e51cc85506b108aa5da7322e43864909895f1779e9e4b41", size = 464028, upload-time = "2025-12-05T12:58:54.755Z" },
    { url = "https://files.pythonhosted.org/packages/9d/c2/8edf65cf2c98bfbf6535b65f4bcc461ecec65ae6b9e3fb5a4308b9a5fb7a/libipld-3.3.2-cp313-cp313-musllinux_1_1_x86_64.whl", hash = "sha256:7b8e7100bffbe579b7c92a3c6a8852ce333e0de171e696a2063e1e39ec9cc50a", size = 460526, upload-time = "2025-12-05T12:58:56.231Z" },
    { url = "https://files.pythonhosted.org/packages/17/3f/d6d2aa42f07855be6b7e1fb43d76e39945469fc54fe9366bf8c9a81ca38e/libipld-3.3.2-cp313-cp313-win32.whl", hash = "sha256:06f766cec75f3d78339caa3ce3c6977e290e1a97f37e5f4ba358da2e77340196", size = 159501, upload-time = "2025-12-05T12:58:57.482Z" },
    { url = "https://files.pythonhosted.org/packages/12/2a/83f634329f1d1912e5d37aec717396c76ef689fa8c8997b16cf0866a1985/libipld-3.3.2-cp313-cp313-win_amd64.whl", hash = "sha256:8be484f1dc5525453e17f07f02202180c708213f2b6ea06d3b9247a5702e0229", size = 159090, upload-time = "2025-12-05T12:58:58.628Z" },
    { url = "https://files.pythonhosted.org/packages/d5/f4/5b55acce9f3626f8cbd54163f22a0917430d7307bf56fd30d88df7a0a897/libipld-3.3.2-cp313-cp313-win_arm64.whl", hash = "sha256:4446cae7584a446b58de66942f89f155d95c2cbfb9ad215af359086824d4e3b9", size = 149497, upload-time = "2025-12-05T12:59:00.191Z" },
    { url = "https://files.pythonhosted.org/packages/de/d6/9ab52adf13ee501b50624ef1265657aa30b3267998dfadcb44d77bbeef42/libipld-3.3.2-cp314-cp314-macosx_10_12_x86_64.whl", hash = "sha256:5947e99b40e923170094a3313c9f3629c6ed475465ba95eadce6cdcf08f1f65a", size = 268909, upload-time = "2025-12-05T12:59:02.485Z" },
    { url = "https://files.pythonhosted.org/packages/c2/12/d6f04fb3d6911a276940c89b5ad3e6168d79fda9ae79a812d4da91c433d6/libipld-3.3.2-cp314-cp314-macosx_11_0_arm64.whl", hash = "sha256:f46179c722baf74c627c01c0bf85be7fcbde66bbf7c5f8c1bbb57bd3a17b861b", size = 261052, upload-time = "2025-12-05T12:59:03.829Z" },
    { url = "https://files.pythonhosted.org/packages/d8/23/6cade33d39f00eb71fde1c8fe6f73c5db5274ef8abeac3d2e6d989e65718/libipld-3.3.2-cp314-cp314-manylinux_2_17_aarch64.manylinux2014_aarch64.whl", hash = "sha256:5e3e9be4bdeb90dbc537a53f8d06e8b2c703f4b7868f9316958e1bbde526a143", size = 280280, upload-time = "2025-12-05T12:59:05.13Z" },
    { url = "https://files.pythonhosted.org/packages/2c/42/50445b6c1c418a3514feb7d267d308e9fb9fe473fbbfaa205bc288ffe5ed/libipld-3.3.2-cp314-cp314-manylinux_2_17_armv7l.manylinux2014_armv7l.whl", hash = "sha256:b155c02626b194439f4b519a53985aedc8637ae56cf640ea6acf6172a37465de", size = 290306, upload-time = "2025-12-05T12:59:06.372Z" },
    { url = "https://files.pythonhosted.org/packages/bf/b1/7c197e21f1635ba31b2f4e893d3368598a48d990cebc4308ba496bad1409/libipld-3.3.2-cp314-cp314-manylinux_2_17_ppc64le.manylinux2014_ppc64le.whl", hash = "sha256:9a1d84c630961cff188deaa2129c86d69f5779c8d02046fbe0c629ef162bc3df", size = 315801, upload-time = "2025-12-05T12:59:07.918Z" },
    { url = "https://files.pythonhosted.org/packages/83/df/51a549e3017cc496a80852063124793007cb9b4cf2cae2e8a99f5c3dd814/libipld-3.3.2-cp314-cp314-manylinux_2_17_s390x.manylinux2014_s390x.whl", hash = "sha256:5393886a7e387751904681ecfa7e5912471b46043f044baa041a2b4772e4f839", size = 330420, upload-time = "2025-12-05T12:59:09.185Z" },
    { url = "https://files.pythonhosted.org/packages/2e/f8/84107ad6431311283dadf697fd238ea271e0af1068a0d13e574be5027f32/libipld-3.3.2-cp314-cp314-manylinux_2_17_x86_64.manylinux2014_x86_64.whl", hash = "sha256:44ca1ba44cb801686557e9544d248e013a2d5d1ab9fed796f090bb0d51d8f4ef", size = 283791, upload-time = "2025-12-05T12:59:10.481Z" },
    { url = "https://files.pythonhosted.org/packages/35/c5/e3c5116b66383f7e54b9d1feb6d6e254a383311a4cce2940942f07d45893/libipld-3.3.2-cp314-cp314-manylinux_2_5_i686.manylinux1_i686.whl", hash = "sha256:fd0877ef4a1bd6e42ba52659769b5b766583c67b3cfb4e7143f9d10b81fb7a74", size = 309401, upload-time = "2025-12-05T12:59:11.711Z" },
    { url = "https://files.pythonhosted.org/packages/bd/b5/b9345d47569806e6f0041d339c9a1ec0be765fd8a3588308a7a40c383dd9/libipld-3.3.2-cp314-cp314-musllinux_1_1_aarch64.whl", hash = "sha256:91b02da059a6ae7f783efa826f640ab1ca5eb5dd370bfd3f41071693a363c4fb", size = 463929, upload-time = "2025-12-05T12:59:13.344Z" },
    { url = "https://files.pythonhosted.org/packages/92/4b/ae985a308191771e5a9e8e3108a3a4ed7090147e21a7cda0c0e345adc22a/libipld-3.3.2-cp314-cp314-musllinux_1_1_x86_64.whl", hash = "sha256:95a2c4f507c88c01a797ec97ce10603bea684c03208227703e007485dc631971", size = 460308, upload-time = "2025-12-05T12:59:14.702Z" },
    { url = "https://files.pythonhosted.org/packages/5c/d6/98aafc9721dd239e578e2826cbb1e9ef438d76c0ec125bce64346e439041/libipld-3.3.2-cp314-cp314-win32.whl", hash = "sha256:5a50cbf5b3b73164fbb88169573ed3e824024c12fbc5f9efd87fb5c8f236ccc1", size = 159315, upload-time = "2025-12-05T12:59:16.004Z" },
    { url = "https://files.pythonhosted.org/packages/e2/9c/6b7b91a417162743d9ea109e142fe485b2f6dafadb276c6e5a393f772715/libipld-3.3.2-cp314-cp314-win_amd64.whl", hash = "sha256:c1f3ed8f70b215a294b5c6830e91af48acde96b3c8a6cae13304291f8240b939", size = 159168, upload-time = "2025-12-05T12:59:17.308Z" },
    { url = "https://files.pythonhosted.org/packages/22/19/bb42dc53bb8855c1f40b4a431ed3cb2df257bd5a6af61842626712c83073/libipld-3.3.2-cp314-cp314-win_arm64.whl", hash = "sha256:08261503b7307c6d9acbd3b2a221da9294b457204dcefce446f627893abb077e", size = 149324, upload-time = "2025-12-05T12:59:18.815Z" },
]
