version = 1
revision = 2
requires-python = ">=3.13"

[[package]]
name = "cbor2"
version = "5.6.5"
source = { registry = "https://pypi.org/simple" }
sdist = { url = "https://files.pythonhosted.org/packages/e4/aa/ba55b47d51d27911981a18743b4d3cebfabccbb0598c09801b734cec4184/cbor2-5.6.5.tar.gz", hash = "sha256:b682820677ee1dbba45f7da11898d2720f92e06be36acec290867d5ebf3d7e09", size = 100886, upload-time = "2024-10-09T12:26:24.106Z" }
wheels = [
    { url = "https://files.pythonhosted.org/packages/2b/69/77e93caae71d1baee927c9762e702c464715d88073133052c74ecc9d37d4/cbor2-5.6.5-cp313-cp313-macosx_10_13_x86_64.whl", hash = "sha256:f0d0a9c5aabd48ecb17acf56004a7542a0b8d8212be52f3102b8218284bd881e", size = 67647, upload-time = "2024-10-09T12:25:55.637Z" },
    { url = "https://files.pythonhosted.org/packages/84/83/cb941d4fd10e4696b2c0f6fb2e3056d9a296e5765b2000a69e29a507f819/cbor2-5.6.5-cp313-cp313-macosx_11_0_arm64.whl", hash = "sha256:61ceb77e6aa25c11c814d4fe8ec9e3bac0094a1f5bd8a2a8c95694596ea01e08", size = 67657, upload-time = "2024-10-09T12:25:56.528Z" },
    { url = "https://files.pythonhosted.org/packages/5c/3f/e16a1e29994483c751b714cdf61d2956290b0b30e94690fa714a9f155c5c/cbor2-5.6.5-cp313-cp313-manylinux_2_17_aarch64.manylinux2014_aarch64.whl", hash = "sha256:97a7e409b864fecf68b2ace8978eb5df1738799a333ec3ea2b9597bfcdd6d7d2", size = 275863, upload-time = "2024-10-09T12:25:57.462Z" },
    { url = "https://files.pythonhosted.org/packages/64/04/f64bda3eea649fe6644c59f13d0e1f4666d975ce305cadf13835233b2a26/cbor2-5.6.5-cp313-cp313-manylinux_2_17_x86_64.manylinux2014_x86_64.whl", hash = "sha256:7f6d69f38f7d788b04c09ef2b06747536624b452b3c8b371ab78ad43b0296fab", size = 269131, upload-time = "2024-10-09T12:25:59.635Z" },
    { url = "https://files.pythonhosted.org/packages/f4/8d/0d5ad3467f70578b032b3f52eb0f01f0327d5ae6b1f9e7d4d4e01a73aa95/cbor2-5.6.5-cp313-cp313-musllinux_1_2_aarch64.whl", hash = "sha256:f91e6d74fa6917df31f8757fdd0e154203b0dd0609ec53eb957016a2b474896a", size = 264728, upload-time = "2024-10-09T12:26:01.407Z" },
    { url = "https://files.pythonhosted.org/packages/77/cb/9b4f7890325eaa374c21fcccfee61a099ccb9ea0bc0f606acf7495f9568c/cbor2-5.6.5-cp313-cp313-musllinux_1_2_x86_64.whl", hash = "sha256:5ce13a27ef8fddf643fc17a753fe34aa72b251d03c23da6a560c005dc171085b", size = 266314, upload-time = "2024-10-09T12:26:02.451Z" },
    { url = "https://files.pythonhosted.org/packages/a8/cd/793dc041395609f5dd1edfdf0aecde504dc0fd35ed67eb3b2db79fb8ef4d/cbor2-5.6.5-cp313-cp313-win_amd64.whl", hash = "sha256:54c72a3207bb2d4480c2c39dad12d7971ce0853a99e3f9b8d559ce6eac84f66f", size = 66792, upload-time = "2024-10-09T12:26:03.615Z" },
    { url = "https://files.pythonhosted.org/packages/9b/ef/1c4698cac96d792005ef0611832f38eaee477c275ab4b02cbfc4daba7ad3/cbor2-5.6.5-py3-none-any.whl", hash = "sha256:3038523b8fc7de312bb9cdcbbbd599987e64307c4db357cd2030c472a6c7d468", size = 23752, upload-time = "2024-10-09T12:26:23.167Z" },
]

[[package]]
name = "cbrrr"
version = "1.0.1"
source = { registry = "https://pypi.org/simple" }
sdist = { url = "https://files.pythonhosted.org/packages/a3/2e/321b68b2b12c99864f0872feb8ce80f03483b59c113730f7cb4465a49e0e/cbrrr-1.0.1.tar.gz", hash = "sha256:2dc5f78a71b67849e1b364053819053f03cd2032797ce6adbe1d02e8d602698c", size = 17503, upload-time = "2024-11-16T22:59:41.164Z" }

[[package]]
name = "dasl-testing"
version = "0.0.0"
source = { virtual = "." }
dependencies = [
    { name = "cbor2" },
    { name = "cbrrr" },
    { name = "libipld" },
]

[package.metadata]
requires-dist = [
    { name = "cbor2", specifier = "==5.6.5" },
    { name = "cbrrr", specifier = "<2" },
    { name = "libipld", specifier = "<4" },
]

[[package]]
name = "libipld"
version = "3.1.1"
source = { registry = "https://pypi.org/simple" }
sdist = { url = "https://files.pythonhosted.org/packages/84/ac/21f2b0f9848c9d99a87e3cc626e7af0fc24883911ec5d7578686cc2a09d1/libipld-3.1.1.tar.gz", hash = "sha256:4b9a9da0ea5d848e9fa12c700027619a1e37ecc1da39dbd1424c0e9062f29e44", size = 4380425, upload-time = "2025-06-24T23:12:51.395Z" }
wheels = [
    { url = "https://files.pythonhosted.org/packages/e5/25/52f27b9617efb0c2f60e71bbfd4f88167ca7acd3aed413999f16e22b3e54/libipld-3.1.1-cp313-cp313-macosx_10_12_x86_64.whl", hash = "sha256:8cd7d7b8b2e0a6ab273b697259f291edbd7cb1b9200ed746a41dcd63fb52017a", size = 280260, upload-time = "2025-06-24T23:11:44.376Z" },
    { url = "https://files.pythonhosted.org/packages/bb/14/123450261a35e869732ff610580df39a62164d9e0aab58334c182c9453f8/libipld-3.1.1-cp313-cp313-macosx_11_0_arm64.whl", hash = "sha256:0251c6daa8eceee2ce7dc4f03422f3f1acdd31b04ebda39cab5f8af3dae30943", size = 276684, upload-time = "2025-06-24T23:11:45.266Z" },
    { url = "https://files.pythonhosted.org/packages/bd/3e/6dd2daf43ff735a3f53cbeaeac1edb3ba92fa2e48c64257800ede82442e6/libipld-3.1.1-cp313-cp313-manylinux_2_17_aarch64.manylinux2014_aarch64.whl", hash = "sha256:4d4598b094286998f770f383eedbfc04c1018ec8ebe6746db0eff5b2059a484a", size = 297845, upload-time = "2025-06-24T23:11:46.143Z" },
    { url = "https://files.pythonhosted.org/packages/83/23/e4f89d9bf854c58a5d6e2f2c667425669ed795956003b28de429b0740e0f/libipld-3.1.1-cp313-cp313-manylinux_2_17_armv7l.manylinux2014_armv7l.whl", hash = "sha256:7212411cbce495dfae24c2b6757a5c2f921797fe70ec0c026e1a2d19ae29e59a", size = 305200, upload-time = "2025-06-24T23:11:47.128Z" },
    { url = "https://files.pythonhosted.org/packages/40/43/0b1e871275502e9799589d03a139730c0dfbb36d1922ab213b105ace59ee/libipld-3.1.1-cp313-cp313-manylinux_2_17_ppc64le.manylinux2014_ppc64le.whl", hash = "sha256:ffc2f978adda8a8309b55510ceda9fe5dc2431d4ff202ff77d84eb57c77d072f", size = 332153, upload-time = "2025-06-24T23:11:48.437Z" },
    { url = "https://files.pythonhosted.org/packages/94/18/5e9cff31d9450e98cc7b4025d1c90bde661ee099ea46cfcb1d8a893e6083/libipld-3.1.1-cp313-cp313-manylinux_2_17_s390x.manylinux2014_s390x.whl", hash = "sha256:99163cc7822abcb028c55860e5341c77200a3ae90f4c158c27e2118a07e8809d", size = 344391, upload-time = "2025-06-24T23:11:49.786Z" },
    { url = "https://files.pythonhosted.org/packages/63/ca/4d938862912ab2f105710d1cc909ec65c71d0e63a90e3b494920c23a4383/libipld-3.1.1-cp313-cp313-manylinux_2_17_x86_64.manylinux2014_x86_64.whl", hash = "sha256:80f142cbd4fa89ef514a4dd43afbd4ed3c33ae7061f0e1e0763f7c1811dea389", size = 299448, upload-time = "2025-06-24T23:11:50.723Z" },
    { url = "https://files.pythonhosted.org/packages/2a/08/f6020e53abe4c26d57fe29b001ba1a84b5b3ad2d618e135b82877e42b59a/libipld-3.1.1-cp313-cp313-manylinux_2_5_i686.manylinux1_i686.whl", hash = "sha256:4596a6e2c5e81b14b1432f3a6120b1d785fc4f74402cef39accf0041999905e4", size = 324096, upload-time = "2025-06-24T23:11:51.646Z" },
    { url = "https://files.pythonhosted.org/packages/df/0f/d3d9da8f1001e9856bc5cb171a838ca5102da7d959b870a0c5f5aa9ef82e/libipld-3.1.1-cp313-cp313-musllinux_1_1_aarch64.whl", hash = "sha256:0cd275603ab3cc2394d40455de6976f01b2d85b4095c074c0c1e2692013f5eaa", size = 477593, upload-time = "2025-06-24T23:11:52.565Z" },
    { url = "https://files.pythonhosted.org/packages/59/df/57dcd84e55c02f74bb40a246dd849430994bbb476e91b05179d749993c9a/libipld-3.1.1-cp313-cp313-musllinux_1_1_x86_64.whl", hash = "sha256:16c999b3af996865004ff2da8280d0c24b672d8a00f9e4cd3a468da8f5e63a5a", size = 470201, upload-time = "2025-06-24T23:11:53.544Z" },
    { url = "https://files.pythonhosted.org/packages/80/af/aee0800b415b63dc5e259675c31a36d6c261afff8e288b56bc2867aa9310/libipld-3.1.1-cp313-cp313-win32.whl", hash = "sha256:5d34c40a27e8755f500277be5268a2f6b6f0d1e20599152d8a34cd34fb3f2700", size = 173730, upload-time = "2025-06-24T23:11:54.5Z" },
    { url = "https://files.pythonhosted.org/packages/54/a3/7e447f27ee896f48332254bb38e1b6c1d3f24b13e5029977646de9408159/libipld-3.1.1-cp313-cp313-win_amd64.whl", hash = "sha256:5edee5f2ea8183bb6a151f149c9798a4f1db69fe16307e860a84f8d41b53665a", size = 179409, upload-time = "2025-06-24T23:11:55.356Z" },
    { url = "https://files.pythonhosted.org/packages/f2/0b/31d6097620c5cfaaaa0acb7760c29186029cd72c6ab81c537cc1ddfb34e5/libipld-3.1.1-cp313-cp313-win_arm64.whl", hash = "sha256:7307876987d9e570dcaf17a15f0ba210f678b323860742d725cf6d8d8baeae1f", size = 169715, upload-time = "2025-06-24T23:11:56.41Z" },
]
