version = 1
revision = 2
requires-python = ">=3.13"

[[package]]
name = "cbor2"
version = "5.6.5"
source = { registry = "https://pypi.org/simple" }
sdist = { url = "https://files.pythonhosted.org/packages/e4/aa/ba55b47d51d27911981a18743b4d3cebfabccbb0598c09801b734cec4184/cbor2-5.6.5.tar.gz", hash = "sha256:b682820677ee1dbba45f7da11898d2720f92e06be36acec290867d5ebf3d7e09", size = 100886, upload-time = "2024-10-09T12:26:24.106Z" }
wheels = [
    { url = "https://files.pythonhosted.org/packages/2b/69/77e93caae71d1baee927c9762e702c464715d88073133052c74ecc9d37d4/cbor2-5.6.5-cp313-cp313-macosx_10_13_x86_64.whl", hash = "sha256:f0d0a9c5aabd48ecb17acf56004a7542a0b8d8212be52f3102b8218284bd881e", size = 67647, upload-time = "2024-10-09T12:25:55.637Z" },
    { url = "https://files.pythonhosted.org/packages/84/83/cb941d4fd10e4696b2c0f6fb2e3056d9a296e5765b2000a69e29a507f819/cbor2-5.6.5-cp313-cp313-macosx_11_0_arm64.whl", hash = "sha256:61ceb77e6aa25c11c814d4fe8ec9e3bac0094a1f5bd8a2a8c95694596ea01e08", size = 67657, upload-time = "2024-10-09T12:25:56.528Z" },
    { url = "https://files.pythonhosted.org/packages/5c/3f/e16a1e29994483c751b714cdf61d2956290b0b30e94690fa714a9f155c5c/cbor2-5.6.5-cp313-cp313-manylinux_2_17_aarch64.manylinux2014_aarch64.whl", hash = "sha256:97a7e409b864fecf68b2ace8978eb5df1738799a333ec3ea2b9597bfcdd6d7d2", size = 275863, upload-time = "2024-10-09T12:25:57.462Z" },
    { url = "https://files.pythonhosted.org/packages/64/04/f64bda3eea649fe6644c59f13d0e1f4666d975ce305cadf13835233b2a26/cbor2-5.6.5-cp313-cp313-manylinux_2_17_x86_64.manylinux2014_x86_64.whl", hash = "sha256:7f6d69f38f7d788b04c09ef2b06747536624b452b3c8b371ab78ad43b0296fab", size = 269131, upload-time = "2024-10-09T12:25:59.635Z" },
    { url = "https://files.pythonhosted.org/packages/f4/8d/0d5ad3467f70578b032b3f52eb0f01f0327d5ae6b1f9e7d4d4e01a73aa95/cbor2-5.6.5-cp313-cp313-musllinux_1_2_aarch64.whl", hash = "sha256:f91e6d74fa6917df31f8757fdd0e154203b0dd0609ec53eb957016a2b474896a", size = 264728, upload-time = "2024-10-09T12:26:01.407Z" },
    { url = "https://files.pythonhosted.org/packages/77/cb/9b4f7890325eaa374c21fcccfee61a099ccb9ea0bc0f606acf7495f9568c/cbor2-5.6.5-cp313-cp313-musllinux_1_2_x86_64.whl", hash = "sha256:5ce13a27ef8fddf643fc17a753fe34aa72b251d03c23da6a560c005dc171085b", size = 266314, upload-time = "2024-10-09T12:26:02.451Z" },
    { url = "https://files.pythonhosted.org/packages/a8/cd/793dc041395609f5dd1edfdf0aecde504dc0fd35ed67eb3b2db79fb8ef4d/cbor2-5.6.5-cp313-cp313-win_amd64.whl", hash = "sha256:54c72a3207bb2d4480c2c39dad12d7971ce0853a99e3f9b8d559ce6eac84f66f", size = 66792, upload-time = "2024-10-09T12:26:03.615Z" },
    { url = "https://files.pythonhosted.org/packages/9b/ef/1c4698cac96d792005ef0611832f38eaee477c275ab4b02cbfc4daba7ad3/cbor2-5.6.5-py3-none-any.whl", hash = "sha256:3038523b8fc7de312bb9cdcbbbd599987e64307c4db357cd2030c472a6c7d468", size = 23752, upload-time = "2024-10-09T12:26:23.167Z" },
]

[[package]]
name = "cbrrr"
version = "1.0.1"
source = { registry = "https://pypi.org/simple" }
sdist = { url = "https://files.pythonhosted.org/packages/a3/2e/321b68b2b12c99864f0872feb8ce80f03483b59c113730f7cb4465a49e0e/cbrrr-1.0.1.tar.gz", hash = "sha256:2dc5f78a71b67849e1b364053819053f03cd2032797ce6adbe1d02e8d602698c", size = 17503, upload-time = "2024-11-16T22:59:41.164Z" }

[[package]]
name = "dasl-testing"
version = "0.0.0"
source = { virtual = "." }
dependencies = [
    { name = "cbor2" },
    { name = "cbrrr" },
    { name = "libipld" },
]

[package.metadata]
requires-dist = [
    { name = "cbor2", specifier = "==5.6.5" },
    { name = "cbrrr", specifier = "<2" },
    { name = "libipld", specifier = "<4" },
]

[[package]]
name = "libipld"
version = "3.1.0"
source = { registry = "https://pypi.org/simple" }
sdist = { url = "https://files.pythonhosted.org/packages/86/c6/03080f4141f8fdc2f7ae25fa4ef5789db3315797de858cdaeab8fee7a057/libipld-3.1.0.tar.gz", hash = "sha256:a460dac1e1a81b195702158b7bbfc94bbeeee31834bd314fc5bdd291509476ff", size = 4380343, upload-time = "2025-06-20T23:36:39.696Z" }
wheels = [
    { url = "https://files.pythonhosted.org/packages/45/c2/d8350329589b6a764e86a82d539e954a0bbfa694d70b6517028e5c402251/libipld-3.1.0-cp313-cp313-macosx_10_12_x86_64.whl", hash = "sha256:94dbddfe9b22b5007f8ee840f9ab40ac9ea2ae97c609f415f311c48225e069d6", size = 302227, upload-time = "2025-06-20T23:35:30.896Z" },
    { url = "https://files.pythonhosted.org/packages/de/1e/e98dc5228e449a691db5bd66254a2b718eebf68b8146d9f23ca0d7226be2/libipld-3.1.0-cp313-cp313-macosx_11_0_arm64.whl", hash = "sha256:f023ed33b146e98eae1e9f382c288b49e9ab55454b4bafec109f62d949530451", size = 289571, upload-time = "2025-06-20T23:35:31.9Z" },
    { url = "https://files.pythonhosted.org/packages/1b/3b/53f847514df5cf430f2c82f6d257dd54267f7ba815d1490acef11b6c8e76/libipld-3.1.0-cp313-cp313-manylinux_2_17_aarch64.manylinux2014_aarch64.whl", hash = "sha256:970d0eb24aae40bf0f959cb9ac009af4e4b46fcb60ba03143e4a182207e333dc", size = 680965, upload-time = "2025-06-20T23:35:33.045Z" },
    { url = "https://files.pythonhosted.org/packages/7b/38/a2bd1273be9814d069c6245b1455063c9a4be7c61f83389f526a92ef9a50/libipld-3.1.0-cp313-cp313-manylinux_2_17_armv7l.manylinux2014_armv7l.whl", hash = "sha256:5afa527acd49cdec709c965dd1e1664845a41e5998f16429f7ff66143de7b66b", size = 685894, upload-time = "2025-06-20T23:35:34.084Z" },
    { url = "https://files.pythonhosted.org/packages/02/fb/e18bcb5544f4b1ad59992fe52b8ce102f23e2a0f803955b6ff1f6fd9b6eb/libipld-3.1.0-cp313-cp313-manylinux_2_17_ppc64le.manylinux2014_ppc64le.whl", hash = "sha256:1702565ddf6cff6b63025894c5f3fee7572c887d2d8089221c68778d2ae0842a", size = 692901, upload-time = "2025-06-20T23:35:35.113Z" },
    { url = "https://files.pythonhosted.org/packages/c4/89/52e405c3c48fb6cf7c3832e35ff4fc4075609ff2551012954c8f23b0885a/libipld-3.1.0-cp313-cp313-manylinux_2_17_s390x.manylinux2014_s390x.whl", hash = "sha256:1f10bc0bf6ebcce6925c530abe768de19fa7a8e1a4a27e44ac5e1b1e8ef4f0bf", size = 839966, upload-time = "2025-06-20T23:35:36.176Z" },
    { url = "https://files.pythonhosted.org/packages/e4/4d/23c0c28d202f6af8404925e946f2a3bcf212e9dfcbfe33572ab696e33396/libipld-3.1.0-cp313-cp313-manylinux_2_17_x86_64.manylinux2014_x86_64.whl", hash = "sha256:879793481183d9a80e3d6d54f02b898a18f794683010218c8ae96f6bf4359387", size = 684776, upload-time = "2025-06-20T23:35:37.168Z" },
    { url = "https://files.pythonhosted.org/packages/31/6e/441130e8a5223eecb6066a2c764574e0c353883254448c39da9a013eb0a1/libipld-3.1.0-cp313-cp313-manylinux_2_5_i686.manylinux1_i686.whl", hash = "sha256:b0666e348018cd3211afbdb0eadb0c096ce7e7a4220b56657eb147b8696d4b2b", size = 696264, upload-time = "2025-06-20T23:35:38.219Z" },
    { url = "https://files.pythonhosted.org/packages/e5/81/fd5943658ecc68893c0b7a75ae0c9b2532974f23f63142fb254a39b66398/libipld-3.1.0-cp313-cp313-musllinux_1_1_aarch64.whl", hash = "sha256:37390b198aeae28e2ef2eeed7b9ed39ad3b6f52c49a09e3b8aa6d833e170f6f2", size = 854741, upload-time = "2025-06-20T23:35:39.338Z" },
    { url = "https://files.pythonhosted.org/packages/51/40/a730862122ab3d2ac7642f967ae88bcabba4caafced17264e4d02fc1c740/libipld-3.1.0-cp313-cp313-musllinux_1_1_x86_64.whl", hash = "sha256:9a0f05411fd7add20a3efbc0a6d30ed8a50f6c614a0ab45cc2f4f121484324ad", size = 846703, upload-time = "2025-06-20T23:35:40.788Z" },
    { url = "https://files.pythonhosted.org/packages/1f/b6/9dcd7d58ab7ae9178b1100411d64f577c995b3b2ac935ecb3d21de17acc3/libipld-3.1.0-cp313-cp313-win32.whl", hash = "sha256:cc742fa01aecdd55568524e5a211d389f2cd42a62fe39a396ca5bde569591bfd", size = 187162, upload-time = "2025-06-20T23:35:42.287Z" },
    { url = "https://files.pythonhosted.org/packages/02/89/397e81a94340972d0d547021cd5cea51dd61595aa4f1dd0f06a32244b599/libipld-3.1.0-cp313-cp313-win_amd64.whl", hash = "sha256:d5754a549d8a30dbfbfb167840f86eb77ffbbc66a076ee99d318c9c5e9218287", size = 202993, upload-time = "2025-06-20T23:35:43.36Z" },
    { url = "https://files.pythonhosted.org/packages/06/74/6874fdc6668f38f2dfc98d9bdb663ae5e33a3b326f4a63acc3a09b7cdd03/libipld-3.1.0-cp313-cp313-win_arm64.whl", hash = "sha256:0ad428ad7de7d4fdab6079454398f04836b64f1623c1b8a09d8a6fa6b6b014c7", size = 182598, upload-time = "2025-06-20T23:35:44.322Z" },
]
