{
  "name": "js",
  "lockfileVersion": 3,
  "requires": true,
  "packages": {
    "": {
      "dependencies": {
        "@atcute/cbor": "^2.2.4",
        "@ipld/dag-cbor": "^9.2.4",
        "cbor": "^10.0.3"
      }
    },
    "node_modules/@atcute/cbor": {
      "version": "2.2.6",
      "resolved": "https://registry.npmjs.org/@atcute/cbor/-/cbor-2.2.6.tgz",
      "integrity": "sha512-pDfsn/vPTmgeXZiZdyc5vCGCPSxWlfTUIGFMCd5SroAgoLk1v9xxF7R/8+gt1lj1OKAwCwhS0doVmtLjqqzdbA==",
      "license": "0BSD",
      "dependencies": {
        "@atcute/cid": "^2.2.4",
        "@atcute/multibase": "^1.1.6",
        "@atcute/uint8array": "^1.0.5"
      }
    },
    "node_modules/@atcute/cid": {
      "version": "2.2.4",
      "resolved": "https://registry.npmjs.org/@atcute/cid/-/cid-2.2.4.tgz",
      "integrity": "sha512-6RUMyt7rp6KOSb4TWwifOZURnFrGgKqYyjVkYjiAcscZWgJpJxwoCUCdonxCfxhQtB0yJ+WlfqNXicGB+Pe94A==",
      "license": "0BSD",
      "dependencies": {
        "@atcute/multibase": "^1.1.6",
        "@atcute/uint8array": "^1.0.5"
      }
    },
    "node_modules/@atcute/multibase": {
      "version": "1.1.6",
      "resolved": "https://registry.npmjs.org/@atcute/multibase/-/multibase-1.1.6.tgz",
      "integrity": "sha512-HBxuCgYLKPPxETV0Rot4VP9e24vKl8JdzGCZOVsDaOXJgbRZoRIF67Lp0H/OgnJeH/Xpva8Z5ReoTNJE5dn3kg==",
      "license": "0BSD",
      "dependencies": {
        "@atcute/uint8array": "^1.0.5"
      }
    },
    "node_modules/@atcute/uint8array": {
      "version": "1.0.5",
      "resolved": "https://registry.npmjs.org/@atcute/uint8array/-/uint8array-1.0.5.tgz",
      "integrity": "sha512-XLWWxoR2HNl2qU+FCr0rp1APwJXci7HnzbOQLxK55OaMNBXZ19+xNC5ii4QCsThsDxa4JS/JTzuiQLziITWf2Q==",
      "license": "0BSD"
    },
    "node_modules/@ipld/dag-cbor": {
      "version": "9.2.5",
      "resolved": "https://registry.npmjs.org/@ipld/dag-cbor/-/dag-cbor-9.2.5.tgz",
      "integrity": "sha512-84wSr4jv30biui7endhobYhXBQzQE4c/wdoWlFrKcfiwH+ofaPg8fwsM8okX9cOzkkrsAsNdDyH3ou+kiLquwQ==",
      "license": "Apache-2.0 OR MIT",
      "dependencies": {
        "cborg": "^4.0.0",
        "multiformats": "^13.1.0"
      },
      "engines": {
        "node": ">=16.0.0",
        "npm": ">=7.0.0"
      }
    },
    "node_modules/cbor": {
      "version": "10.0.3",
      "resolved": "https://registry.npmjs.org/cbor/-/cbor-10.0.3.tgz",
      "integrity": "sha512-72Jnj81xMsqepqdcSdf2+fflz/UDsThOHy5hj2MW5F5xzHL8Oa0KQ6I6V9CwVUPxg5pf+W9xp6W2KilaRXWWtw==",
      "license": "MIT",
      "dependencies": {
        "nofilter": "^3.0.2"
      },
      "engines": {
        "node": ">=18"
      }
    },
    "node_modules/cborg": {
      "version": "4.2.11",
      "resolved": "https://registry.npmjs.org/cborg/-/cborg-4.2.11.tgz",
      "integrity": "sha512-7gs3iaqtsD9OHowgqzc6ixQGwSBONqosVR2co0Bg0pARgrLap+LCcEIXJuuIz2jHy0WWQeDMFPEsU2r17I2XPQ==",
      "license": "Apache-2.0",
      "bin": {
        "cborg": "lib/bin.js"
      }
    },
    "node_modules/multiformats": {
      "version": "13.3.6",
      "resolved": "https://registry.npmjs.org/multiformats/-/multiformats-13.3.6.tgz",
      "integrity": "sha512-yakbt9cPYj8d3vi/8o/XWm61MrOILo7fsTL0qxNx6zS0Nso6K5JqqS2WV7vK/KSuDBvrW3KfCwAdAgarAgOmww==",
      "license": "Apache-2.0 OR MIT"
    },
    "node_modules/nofilter": {
      "version": "3.1.0",
      "resolved": "https://registry.npmjs.org/nofilter/-/nofilter-3.1.0.tgz",
      "integrity": "sha512-l2NNj07e9afPnhAhvgVrCD/oy2Ai1yfLpuo3EpiO1jFTsB4sFz6oIfAfSZyQzVpkZQ9xS8ZS5g1jCBgq4Hwo0g==",
      "license": "MIT",
      "engines": {
        "node": ">=12.19"
      }
    }
  }
}
