{
  "name": "js",
  "lockfileVersion": 3,
  "requires": true,
  "packages": {
    "": {
      "dependencies": {
        "@atcute/cbor": "^2.2.4",
        "@ipld/dag-cbor": "^9.2.4",
        "cbor": "^10.0.3"
      }
    },
    "node_modules/@atcute/cbor": {
      "version": "2.3.8",
      "resolved": "https://registry.npmjs.org/@atcute/cbor/-/cbor-2.3.8.tgz",
      "integrity": "sha512-gazXBcNTr2U3cRaCjfRbq2GKHJnWapUUA3mgehL+0tbVXEty2wf/LIwF9z46gjqjX2DYGGwkybF8lTI3dzHaNQ==",
      "license": "0BSD",
      "dependencies": {
        "@atcute/cid": "^2.5.0",
        "@atcute/multibase": "^1.2.5",
        "@atcute/uint8array": "^1.2.0"
      },
      "peerDependencies": {
        "@atcute/cid": "^2.5.0"
      }
    },
    "node_modules/@atcute/cid": {
      "version": "2.5.0",
      "resolved": "https://registry.npmjs.org/@atcute/cid/-/cid-2.5.0.tgz",
      "integrity": "sha512-CAZyzUdaQhuC+S7tGjoC7vgyDI2X4JU+CPO/7WjEU7HlNsAGXjSkD++5TlfnSWGDqUeqpjMZjUfFBZYHKzPHew==",
      "license": "0BSD",
      "dependencies": {
        "@atcute/multibase": "^1.2.5",
        "@atcute/uint8array": "^1.2.0"
      }
    },
    "node_modules/@atcute/multibase": {
      "version": "1.2.5",
      "resolved": "https://registry.npmjs.org/@atcute/multibase/-/multibase-1.2.5.tgz",
      "integrity": "sha512-cReTONgYpQo/VHD3ZmzPNoyBKJgSk1J4h//cvvdVVJBMar+SjlQ/sUXeTjQfuyfmDKv+TLKhmutLcvbMcQ9Rvw==",
      "license": "0BSD",
      "dependencies": {
        "@atcute/uint8array": "^1.1.5"
      }
    },
    "node_modules/@atcute/uint8array": {
      "version": "1.2.0",
      "resolved": "https://registry.npmjs.org/@atcute/uint8array/-/uint8array-1.2.0.tgz",
      "integrity": "sha512-KoBGTbV4lS8zXNu91osM3FecrH3NUnxNPsBAkaNtn6uf/p240245qoLn7keFpRM0npX522X8R+XBBb2rvtE7Rg==",
      "license": "0BSD"
    },
    "node_modules/@ipld/dag-cbor": {
      "version": "9.2.7",
      "resolved": "https://registry.npmjs.org/@ipld/dag-cbor/-/dag-cbor-9.2.7.tgz",
      "integrity": "sha512-ZmfXmElRWATr+hoUTSAOr6HUcjVhOcNHDqgczc76qte2DHHFEK0ZhNzUcdTDQhF/VSIvf2ioaRTRLWwLc83sNw==",
      "license": "Apache-2.0 OR MIT",
      "dependencies": {
        "cborg": "^5.0.1",
        "multiformats": "^13.1.0"
      }
    },
    "node_modules/cbor": {
      "version": "10.0.3",
      "resolved": "https://registry.npmjs.org/cbor/-/cbor-10.0.3.tgz",
      "integrity": "sha512-72Jnj81xMsqepqdcSdf2+fflz/UDsThOHy5hj2MW5F5xzHL8Oa0KQ6I6V9CwVUPxg5pf+W9xp6W2KilaRXWWtw==",
      "license": "MIT",
      "dependencies": {
        "nofilter": "^3.0.2"
      },
      "engines": {
        "node": ">=18"
      }
    },
    "node_modules/cborg": {
      "version": "5.0.1",
      "resolved": "https://registry.npmjs.org/cborg/-/cborg-5.0.1.tgz",
      "integrity": "sha512-3UinwdU6Qtr60sLhCpfjh+/jXleI2+8TMaWaZSO3Zx6YxWlPgGsyA01tRitT2KXbHTZrKcx3vaMIbkdXP8AfPw==",
      "license": "Apache-2.0",
      "bin": {
        "cborg": "lib/bin.js"
      }
    },
    "node_modules/multiformats": {
      "version": "13.3.6",
      "resolved": "https://registry.npmjs.org/multiformats/-/multiformats-13.3.6.tgz",
      "integrity": "sha512-yakbt9cPYj8d3vi/8o/XWm61MrOILo7fsTL0qxNx6zS0Nso6K5JqqS2WV7vK/KSuDBvrW3KfCwAdAgarAgOmww==",
      "license": "Apache-2.0 OR MIT"
    },
    "node_modules/nofilter": {
      "version": "3.1.0",
      "resolved": "https://registry.npmjs.org/nofilter/-/nofilter-3.1.0.tgz",
      "integrity": "sha512-l2NNj07e9afPnhAhvgVrCD/oy2Ai1yfLpuo3EpiO1jFTsB4sFz6oIfAfSZyQzVpkZQ9xS8ZS5g1jCBgq4Hwo0g==",
      "license": "MIT",
      "engines": {
        "node": ">=12.19"
      }
    }
  }
}
